
Microsoft Visual Studio Solution File, Format Version 12.00
# Visual Studio Version 16
VisualStudioVersion = 16.0.29324.140
MinimumVisualStudioVersion = 10.0.40219.1
Project("{FAE04EC0-301F-11D3-BF4B-00C04F79EFBC}") = "Engine", "Engine\Engine.csproj", "{7F629AE2-DD5D-4052-AF98-3FD15257C2AE}"
EndProject
Project("{FAE04EC0-301F-11D3-BF4B-00C04F79EFBC}") = "Ulaid", "Ulaid\Ulaid.csproj", "{C1EDBC7B-7C99-4B7E-AC37-CAB317A4C8DD}"
EndProject
Project("{9A19103F-16F7-4668-BE54-9A1E7A4F7556}") = "Ulaid.Scripts", "..\Content\Scripts\Ulaid.Scripts.csproj", "{FA65E913-C044-457B-9F3B-4F46C2C3C946}"
EndProject
Global
	GlobalSection(SolutionConfigurationPlatforms) = preSolution
		Debug|x64 = Debug|x64
		Debug|x86 = Debug|x86
		Release|x64 = Release|x64
		Release|x86 = Release|x86
	EndGlobalSection
	GlobalSection(ProjectConfigurationPlatforms) = postSolution
		{7F629AE2-DD5D-4052-AF98-3FD15257C2AE}.Debug|x64.ActiveCfg = Debug|x64
		{7F629AE2-DD5D-4052-AF98-3FD15257C2AE}.Debug|x64.Build.0 = Debug|x64
		{7F629AE2-DD5D-4052-AF98-3FD15257C2AE}.Debug|x86.ActiveCfg = Debug|x86
		{7F629AE2-DD5D-4052-AF98-3FD15257C2AE}.Debug|x86.Build.0 = Debug|x86
		{7F629AE2-DD5D-4052-AF98-3FD15257C2AE}.Release|x64.ActiveCfg = Release|x64
		{7F629AE2-DD5D-4052-AF98-3FD15257C2AE}.Release|x64.Build.0 = Release|x64
		{7F629AE2-DD5D-4052-AF98-3FD15257C2AE}.Release|x86.ActiveCfg = Release|x86
		{7F629AE2-DD5D-4052-AF98-3FD15257C2AE}.Release|x86.Build.0 = Release|x86
		{C1EDBC7B-7C99-4B7E-AC37-CAB317A4C8DD}.Debug|x64.ActiveCfg = Debug|x64
		{C1EDBC7B-7C99-4B7E-AC37-CAB317A4C8DD}.Debug|x64.Build.0 = Debug|x64
		{C1EDBC7B-7C99-4B7E-AC37-CAB317A4C8DD}.Debug|x86.ActiveCfg = Debug|x86
		{C1EDBC7B-7C99-4B7E-AC37-CAB317A4C8DD}.Debug|x86.Build.0 = Debug|x86
		{C1EDBC7B-7C99-4B7E-AC37-CAB317A4C8DD}.Release|x64.ActiveCfg = Release|Any CPU
		{C1EDBC7B-7C99-4B7E-AC37-CAB317A4C8DD}.Release|x64.Build.0 = Release|Any CPU
		{C1EDBC7B-7C99-4B7E-AC37-CAB317A4C8DD}.Release|x86.ActiveCfg = Release|Any CPU
		{C1EDBC7B-7C99-4B7E-AC37-CAB317A4C8DD}.Release|x86.Build.0 = Release|Any CPU
		{FA65E913-C044-457B-9F3B-4F46C2C3C946}.Debug|x64.ActiveCfg = Debug|x64
		{FA65E913-C044-457B-9F3B-4F46C2C3C946}.Debug|x64.Build.0 = Debug|x64
		{FA65E913-C044-457B-9F3B-4F46C2C3C946}.Debug|x86.ActiveCfg = Debug|x86
		{FA65E913-C044-457B-9F3B-4F46C2C3C946}.Release|x64.ActiveCfg = Release|Any CPU
		{FA65E913-C044-457B-9F3B-4F46C2C3C946}.Release|x64.Build.0 = Release|Any CPU
		{FA65E913-C044-457B-9F3B-4F46C2C3C946}.Release|x86.ActiveCfg = Release|Any CPU
		{FA65E913-C044-457B-9F3B-4F46C2C3C946}.Release|x86.Build.0 = Release|Any CPU
	EndGlobalSection
	GlobalSection(SolutionProperties) = preSolution
		HideSolutionNode = FALSE
	EndGlobalSection
	GlobalSection(ExtensibilityGlobals) = postSolution
		SolutionGuid = {6DF3DF4B-9030-47E9-A4E2-9D9DA9637172}
	EndGlobalSection
EndGlobal
