
Microsoft Visual Studio Solution File, Format Version 12.00
# Visual Studio Version 16
VisualStudioVersion = 16.0.30011.22
MinimumVisualStudioVersion = 10.0.40219.1
Project("{2150E333-8FDC-42A3-9474-1A3956D46DE8}") = "Engine", "Engine", "{22706AA2-FC20-46A2-A815-DFB033A41904}"
EndProject
Project("{2150E333-8FDC-42A3-9474-1A3956D46DE8}") = "Example Game", "Example Game", "{F69B6183-A7C5-4355-AEDC-2E68BCEBF607}"
EndProject
Project("{9A19103F-16F7-4668-BE54-9A1E7A4F7556}") = "Engine", "Engine\Engine.csproj", "{F8F75D86-567B-4C1C-BA2E-0EA7C94ACC34}"
EndProject
Project("{9A19103F-16F7-4668-BE54-9A1E7A4F7556}") = "Engine.ECS", "Engine.ECS\Engine.ECS.csproj", "{6A757E22-9DFE-4725-AD9B-8AA7D30EEE93}"
EndProject
Project("{9A19103F-16F7-4668-BE54-9A1E7A4F7556}") = "Engine.Utils", "Engine.Utils\Engine.Utils.csproj", "{EBD21A19-EA7E-4C01-A06B-8F0820EE8D2B}"
EndProject
Project("{9A19103F-16F7-4668-BE54-9A1E7A4F7556}") = "ExampleGame", "ExampleGame\ExampleGame.csproj", "{D7BFF0A5-BEC2-4140-9611-36E2E53AE538}"
EndProject
Project("{9A19103F-16F7-4668-BE54-9A1E7A4F7556}") = "Example.Scripts", "..\Content\Scripts\Example.Scripts.csproj", "{D3C03BCA-3B69-48AA-A626-44C926C90F55}"
EndProject
Project("{9A19103F-16F7-4668-BE54-9A1E7A4F7556}") = "Engine.GUI", "Engine.GUI\Engine.GUI.csproj", "{6A3810E9-33C7-4236-B2D5-46C7EBCFF346}"
EndProject
Project("{2150E333-8FDC-42A3-9474-1A3956D46DE8}") = "Other", "Other", "{B6266319-C3E9-4791-BEA0-739C1D998D21}"
EndProject
Project("{2150E333-8FDC-42A3-9474-1A3956D46DE8}") = "OpenGL.Net", "OpenGL.Net", "{F9EC5DD9-8FC3-4AAB-A435-95FD0C888F3E}"
EndProject
Project("{9A19103F-16F7-4668-BE54-9A1E7A4F7556}") = "OpenGL.Net", "..\Other\OpenGL.Net\Source\OpenGL.Net\OpenGL.Net.csproj", "{032CF8ED-7CB5-4717-B763-42E7DA7EE27F}"
EndProject
Project("{9A19103F-16F7-4668-BE54-9A1E7A4F7556}") = "OpenGL.Net.Math", "..\Other\OpenGL.Net\Source\OpenGL.Net\OpenGL.Net.Math.csproj", "{1F294DF9-4DD8-4AA4-84C3-BA43A287AB73}"
EndProject
Project("{9A19103F-16F7-4668-BE54-9A1E7A4F7556}") = "OpenGL.Net.CoreUI", "..\Other\OpenGL.Net\Source\OpenGL.Net.CoreUI\OpenGL.Net.CoreUI.csproj", "{0860AEF3-0D83-4A6F-812E-DF5CB10877E0}"
EndProject
Project("{9A19103F-16F7-4668-BE54-9A1E7A4F7556}") = "OpenGL.Net.WinForms", "..\Other\OpenGL.Net\Source\OpenGL.Net.WinForms\OpenGL.Net.WinForms.csproj", "{2CF60D4C-7B5E-41A2-9FC3-6C1EA39B0876}"
EndProject
Project("{2150E333-8FDC-42A3-9474-1A3956D46DE8}") = "Shared", "Shared", "{74BACC8A-0E72-46E0-88A0-B2A3D43B80B3}"
EndProject
Project("{9A19103F-16F7-4668-BE54-9A1E7A4F7556}") = "Engine.Renderer", "Engine.Renderer\Engine.Renderer.csproj", "{06F0F3AF-A076-4F86-9498-20FFD8752C13}"
EndProject
Project("{2150E333-8FDC-42A3-9474-1A3956D46DE8}") = "stbi", "stbi", "{FCACDE17-D032-468F-8FB2-86DD298005A6}"
EndProject
Project("{9A19103F-16F7-4668-BE54-9A1E7A4F7556}") = "stbi-sharp", "..\Other\stbi-sharp\stbi-sharp.csproj", "{D1756EE0-4B72-4359-90A8-AE561929B1D0}"
EndProject
Project("{9A19103F-16F7-4668-BE54-9A1E7A4F7556}") = "Engine.AssetCompiler", "Engine.AssetCompiler\Engine.AssetCompiler.csproj", "{842677F2-B370-43CD-9AD2-42054EC940A1}"
EndProject
Global
	GlobalSection(SharedMSBuildProjectFiles) = preSolution
		..\Other\OpenGL.Net\Source\Khronos.Net\Khronos.Net.projitems*{032cf8ed-7cb5-4717-b763-42e7da7ee27f}*SharedItemsImports = 5
	EndGlobalSection
	GlobalSection(SolutionConfigurationPlatforms) = preSolution
		Debug|x64 = Debug|x64
		Debug|x86 = Debug|x86
		Release|x64 = Release|x64
		Release|x86 = Release|x86
	EndGlobalSection
	GlobalSection(ProjectConfigurationPlatforms) = postSolution
		{F8F75D86-567B-4C1C-BA2E-0EA7C94ACC34}.Debug|x64.ActiveCfg = Debug|x64
		{F8F75D86-567B-4C1C-BA2E-0EA7C94ACC34}.Debug|x64.Build.0 = Debug|x64
		{F8F75D86-567B-4C1C-BA2E-0EA7C94ACC34}.Debug|x86.ActiveCfg = Debug|x86
		{F8F75D86-567B-4C1C-BA2E-0EA7C94ACC34}.Debug|x86.Build.0 = Debug|x86
		{F8F75D86-567B-4C1C-BA2E-0EA7C94ACC34}.Release|x64.ActiveCfg = Release|x64
		{F8F75D86-567B-4C1C-BA2E-0EA7C94ACC34}.Release|x64.Build.0 = Release|x64
		{F8F75D86-567B-4C1C-BA2E-0EA7C94ACC34}.Release|x86.ActiveCfg = Release|x86
		{F8F75D86-567B-4C1C-BA2E-0EA7C94ACC34}.Release|x86.Build.0 = Release|x86
		{6A757E22-9DFE-4725-AD9B-8AA7D30EEE93}.Debug|x64.ActiveCfg = Debug|x64
		{6A757E22-9DFE-4725-AD9B-8AA7D30EEE93}.Debug|x64.Build.0 = Debug|x64
		{6A757E22-9DFE-4725-AD9B-8AA7D30EEE93}.Debug|x86.ActiveCfg = Debug|x86
		{6A757E22-9DFE-4725-AD9B-8AA7D30EEE93}.Debug|x86.Build.0 = Debug|x86
		{6A757E22-9DFE-4725-AD9B-8AA7D30EEE93}.Release|x64.ActiveCfg = Release|x64
		{6A757E22-9DFE-4725-AD9B-8AA7D30EEE93}.Release|x64.Build.0 = Release|x64
		{6A757E22-9DFE-4725-AD9B-8AA7D30EEE93}.Release|x86.ActiveCfg = Release|x86
		{6A757E22-9DFE-4725-AD9B-8AA7D30EEE93}.Release|x86.Build.0 = Release|x86
		{EBD21A19-EA7E-4C01-A06B-8F0820EE8D2B}.Debug|x64.ActiveCfg = Debug|x64
		{EBD21A19-EA7E-4C01-A06B-8F0820EE8D2B}.Debug|x64.Build.0 = Debug|x64
		{EBD21A19-EA7E-4C01-A06B-8F0820EE8D2B}.Debug|x86.ActiveCfg = Debug|x86
		{EBD21A19-EA7E-4C01-A06B-8F0820EE8D2B}.Debug|x86.Build.0 = Debug|x86
		{EBD21A19-EA7E-4C01-A06B-8F0820EE8D2B}.Release|x64.ActiveCfg = Release|x64
		{EBD21A19-EA7E-4C01-A06B-8F0820EE8D2B}.Release|x64.Build.0 = Release|x64
		{EBD21A19-EA7E-4C01-A06B-8F0820EE8D2B}.Release|x86.ActiveCfg = Release|x86
		{EBD21A19-EA7E-4C01-A06B-8F0820EE8D2B}.Release|x86.Build.0 = Release|x86
		{D7BFF0A5-BEC2-4140-9611-36E2E53AE538}.Debug|x64.ActiveCfg = Debug|x64
		{D7BFF0A5-BEC2-4140-9611-36E2E53AE538}.Debug|x64.Build.0 = Debug|x64
		{D7BFF0A5-BEC2-4140-9611-36E2E53AE538}.Debug|x86.ActiveCfg = Debug|x86
		{D7BFF0A5-BEC2-4140-9611-36E2E53AE538}.Debug|x86.Build.0 = Debug|x86
		{D7BFF0A5-BEC2-4140-9611-36E2E53AE538}.Release|x64.ActiveCfg = Release|x64
		{D7BFF0A5-BEC2-4140-9611-36E2E53AE538}.Release|x64.Build.0 = Release|x64
		{D7BFF0A5-BEC2-4140-9611-36E2E53AE538}.Release|x86.ActiveCfg = Release|x86
		{D7BFF0A5-BEC2-4140-9611-36E2E53AE538}.Release|x86.Build.0 = Release|x86
		{D3C03BCA-3B69-48AA-A626-44C926C90F55}.Debug|x64.ActiveCfg = Debug|x64
		{D3C03BCA-3B69-48AA-A626-44C926C90F55}.Debug|x64.Build.0 = Debug|x64
		{D3C03BCA-3B69-48AA-A626-44C926C90F55}.Debug|x86.ActiveCfg = Debug|x86
		{D3C03BCA-3B69-48AA-A626-44C926C90F55}.Debug|x86.Build.0 = Debug|x86
		{D3C03BCA-3B69-48AA-A626-44C926C90F55}.Release|x64.ActiveCfg = Release|x64
		{D3C03BCA-3B69-48AA-A626-44C926C90F55}.Release|x64.Build.0 = Release|x64
		{D3C03BCA-3B69-48AA-A626-44C926C90F55}.Release|x86.ActiveCfg = Release|x86
		{D3C03BCA-3B69-48AA-A626-44C926C90F55}.Release|x86.Build.0 = Release|x86
		{6A3810E9-33C7-4236-B2D5-46C7EBCFF346}.Debug|x64.ActiveCfg = Debug|x64
		{6A3810E9-33C7-4236-B2D5-46C7EBCFF346}.Debug|x64.Build.0 = Debug|x64
		{6A3810E9-33C7-4236-B2D5-46C7EBCFF346}.Debug|x86.ActiveCfg = Debug|x86
		{6A3810E9-33C7-4236-B2D5-46C7EBCFF346}.Debug|x86.Build.0 = Debug|x86
		{6A3810E9-33C7-4236-B2D5-46C7EBCFF346}.Release|x64.ActiveCfg = Release|x64
		{6A3810E9-33C7-4236-B2D5-46C7EBCFF346}.Release|x64.Build.0 = Release|x64
		{6A3810E9-33C7-4236-B2D5-46C7EBCFF346}.Release|x86.ActiveCfg = Release|x86
		{6A3810E9-33C7-4236-B2D5-46C7EBCFF346}.Release|x86.Build.0 = Release|x86
		{032CF8ED-7CB5-4717-B763-42E7DA7EE27F}.Debug|x64.ActiveCfg = Debug|x64
		{032CF8ED-7CB5-4717-B763-42E7DA7EE27F}.Debug|x64.Build.0 = Debug|x64
		{032CF8ED-7CB5-4717-B763-42E7DA7EE27F}.Debug|x86.ActiveCfg = Debug|x86
		{032CF8ED-7CB5-4717-B763-42E7DA7EE27F}.Debug|x86.Build.0 = Debug|x86
		{032CF8ED-7CB5-4717-B763-42E7DA7EE27F}.Release|x64.ActiveCfg = Release|x64
		{032CF8ED-7CB5-4717-B763-42E7DA7EE27F}.Release|x64.Build.0 = Release|x64
		{032CF8ED-7CB5-4717-B763-42E7DA7EE27F}.Release|x86.ActiveCfg = Release|x86
		{032CF8ED-7CB5-4717-B763-42E7DA7EE27F}.Release|x86.Build.0 = Release|x86
		{1F294DF9-4DD8-4AA4-84C3-BA43A287AB73}.Debug|x64.ActiveCfg = Debug|x64
		{1F294DF9-4DD8-4AA4-84C3-BA43A287AB73}.Debug|x64.Build.0 = Debug|x64
		{1F294DF9-4DD8-4AA4-84C3-BA43A287AB73}.Debug|x86.ActiveCfg = Debug|x86
		{1F294DF9-4DD8-4AA4-84C3-BA43A287AB73}.Debug|x86.Build.0 = Debug|x86
		{1F294DF9-4DD8-4AA4-84C3-BA43A287AB73}.Release|x64.ActiveCfg = Release|x64
		{1F294DF9-4DD8-4AA4-84C3-BA43A287AB73}.Release|x64.Build.0 = Release|x64
		{1F294DF9-4DD8-4AA4-84C3-BA43A287AB73}.Release|x86.ActiveCfg = Release|x86
		{1F294DF9-4DD8-4AA4-84C3-BA43A287AB73}.Release|x86.Build.0 = Release|x86
		{0860AEF3-0D83-4A6F-812E-DF5CB10877E0}.Debug|x64.ActiveCfg = Debug|x64
		{0860AEF3-0D83-4A6F-812E-DF5CB10877E0}.Debug|x64.Build.0 = Debug|x64
		{0860AEF3-0D83-4A6F-812E-DF5CB10877E0}.Debug|x86.ActiveCfg = Debug|x86
		{0860AEF3-0D83-4A6F-812E-DF5CB10877E0}.Debug|x86.Build.0 = Debug|x86
		{0860AEF3-0D83-4A6F-812E-DF5CB10877E0}.Release|x64.ActiveCfg = Release|x64
		{0860AEF3-0D83-4A6F-812E-DF5CB10877E0}.Release|x64.Build.0 = Release|x64
		{0860AEF3-0D83-4A6F-812E-DF5CB10877E0}.Release|x86.ActiveCfg = Release|x86
		{0860AEF3-0D83-4A6F-812E-DF5CB10877E0}.Release|x86.Build.0 = Release|x86
		{2CF60D4C-7B5E-41A2-9FC3-6C1EA39B0876}.Debug|x64.ActiveCfg = Debug|x64
		{2CF60D4C-7B5E-41A2-9FC3-6C1EA39B0876}.Debug|x64.Build.0 = Debug|x64
		{2CF60D4C-7B5E-41A2-9FC3-6C1EA39B0876}.Debug|x86.ActiveCfg = Debug|x86
		{2CF60D4C-7B5E-41A2-9FC3-6C1EA39B0876}.Debug|x86.Build.0 = Debug|x86
		{2CF60D4C-7B5E-41A2-9FC3-6C1EA39B0876}.Release|x64.ActiveCfg = Release|x64
		{2CF60D4C-7B5E-41A2-9FC3-6C1EA39B0876}.Release|x64.Build.0 = Release|x64
		{2CF60D4C-7B5E-41A2-9FC3-6C1EA39B0876}.Release|x86.ActiveCfg = Release|x86
		{2CF60D4C-7B5E-41A2-9FC3-6C1EA39B0876}.Release|x86.Build.0 = Release|x86
		{06F0F3AF-A076-4F86-9498-20FFD8752C13}.Debug|x64.ActiveCfg = Debug|x64
		{06F0F3AF-A076-4F86-9498-20FFD8752C13}.Debug|x64.Build.0 = Debug|x64
		{06F0F3AF-A076-4F86-9498-20FFD8752C13}.Debug|x86.ActiveCfg = Debug|x86
		{06F0F3AF-A076-4F86-9498-20FFD8752C13}.Debug|x86.Build.0 = Debug|x86
		{06F0F3AF-A076-4F86-9498-20FFD8752C13}.Release|x64.ActiveCfg = Release|x64
		{06F0F3AF-A076-4F86-9498-20FFD8752C13}.Release|x64.Build.0 = Release|x64
		{06F0F3AF-A076-4F86-9498-20FFD8752C13}.Release|x86.ActiveCfg = Release|x86
		{06F0F3AF-A076-4F86-9498-20FFD8752C13}.Release|x86.Build.0 = Release|x86
		{D1756EE0-4B72-4359-90A8-AE561929B1D0}.Debug|x64.ActiveCfg = Debug|Any CPU
		{D1756EE0-4B72-4359-90A8-AE561929B1D0}.Debug|x64.Build.0 = Debug|Any CPU
		{D1756EE0-4B72-4359-90A8-AE561929B1D0}.Debug|x86.ActiveCfg = Debug|Any CPU
		{D1756EE0-4B72-4359-90A8-AE561929B1D0}.Debug|x86.Build.0 = Debug|Any CPU
		{D1756EE0-4B72-4359-90A8-AE561929B1D0}.Release|x64.ActiveCfg = Release|Any CPU
		{D1756EE0-4B72-4359-90A8-AE561929B1D0}.Release|x64.Build.0 = Release|Any CPU
		{D1756EE0-4B72-4359-90A8-AE561929B1D0}.Release|x86.ActiveCfg = Release|Any CPU
		{D1756EE0-4B72-4359-90A8-AE561929B1D0}.Release|x86.Build.0 = Release|Any CPU
		{842677F2-B370-43CD-9AD2-42054EC940A1}.Debug|x64.ActiveCfg = Debug|x64
		{842677F2-B370-43CD-9AD2-42054EC940A1}.Debug|x64.Build.0 = Debug|x64
		{842677F2-B370-43CD-9AD2-42054EC940A1}.Debug|x86.ActiveCfg = Debug|x86
		{842677F2-B370-43CD-9AD2-42054EC940A1}.Debug|x86.Build.0 = Debug|x86
		{842677F2-B370-43CD-9AD2-42054EC940A1}.Release|x64.ActiveCfg = Release|Any CPU
		{842677F2-B370-43CD-9AD2-42054EC940A1}.Release|x64.Build.0 = Release|Any CPU
		{842677F2-B370-43CD-9AD2-42054EC940A1}.Release|x86.ActiveCfg = Release|Any CPU
		{842677F2-B370-43CD-9AD2-42054EC940A1}.Release|x86.Build.0 = Release|Any CPU
	EndGlobalSection
	GlobalSection(SolutionProperties) = preSolution
		HideSolutionNode = FALSE
	EndGlobalSection
	GlobalSection(NestedProjects) = preSolution
		{F8F75D86-567B-4C1C-BA2E-0EA7C94ACC34} = {22706AA2-FC20-46A2-A815-DFB033A41904}
		{6A757E22-9DFE-4725-AD9B-8AA7D30EEE93} = {74BACC8A-0E72-46E0-88A0-B2A3D43B80B3}
		{EBD21A19-EA7E-4C01-A06B-8F0820EE8D2B} = {74BACC8A-0E72-46E0-88A0-B2A3D43B80B3}
		{D7BFF0A5-BEC2-4140-9611-36E2E53AE538} = {F69B6183-A7C5-4355-AEDC-2E68BCEBF607}
		{D3C03BCA-3B69-48AA-A626-44C926C90F55} = {F69B6183-A7C5-4355-AEDC-2E68BCEBF607}
		{6A3810E9-33C7-4236-B2D5-46C7EBCFF346} = {22706AA2-FC20-46A2-A815-DFB033A41904}
		{F9EC5DD9-8FC3-4AAB-A435-95FD0C888F3E} = {B6266319-C3E9-4791-BEA0-739C1D998D21}
		{032CF8ED-7CB5-4717-B763-42E7DA7EE27F} = {F9EC5DD9-8FC3-4AAB-A435-95FD0C888F3E}
		{1F294DF9-4DD8-4AA4-84C3-BA43A287AB73} = {F9EC5DD9-8FC3-4AAB-A435-95FD0C888F3E}
		{0860AEF3-0D83-4A6F-812E-DF5CB10877E0} = {F9EC5DD9-8FC3-4AAB-A435-95FD0C888F3E}
		{2CF60D4C-7B5E-41A2-9FC3-6C1EA39B0876} = {F9EC5DD9-8FC3-4AAB-A435-95FD0C888F3E}
		{74BACC8A-0E72-46E0-88A0-B2A3D43B80B3} = {22706AA2-FC20-46A2-A815-DFB033A41904}
		{06F0F3AF-A076-4F86-9498-20FFD8752C13} = {22706AA2-FC20-46A2-A815-DFB033A41904}
		{FCACDE17-D032-468F-8FB2-86DD298005A6} = {B6266319-C3E9-4791-BEA0-739C1D998D21}
		{D1756EE0-4B72-4359-90A8-AE561929B1D0} = {FCACDE17-D032-468F-8FB2-86DD298005A6}
		{842677F2-B370-43CD-9AD2-42054EC940A1} = {22706AA2-FC20-46A2-A815-DFB033A41904}
	EndGlobalSection
	GlobalSection(ExtensibilityGlobals) = postSolution
		SolutionGuid = {7A1302DF-7820-469A-9EB2-83CF7691A088}
	EndGlobalSection
EndGlobal
