
Microsoft Visual Studio Solution File, Format Version 12.00
# Visual Studio Version 16
VisualStudioVersion = 16.0.30011.22
MinimumVisualStudioVersion = 10.0.40219.1
Project("{2150E333-8FDC-42A3-9474-1A3956D46DE8}") = "Engine", "Engine", "{22706AA2-FC20-46A2-A815-DFB033A41904}"
EndProject
Project("{2150E333-8FDC-42A3-9474-1A3956D46DE8}") = "Ulaid", "Ulaid", "{F69B6183-A7C5-4355-AEDC-2E68BCEBF607}"
EndProject
Project("{9A19103F-16F7-4668-BE54-9A1E7A4F7556}") = "Engine", "Engine\Engine.csproj", "{F8F75D86-567B-4C1C-BA2E-0EA7C94ACC34}"
EndProject
Project("{9A19103F-16F7-4668-BE54-9A1E7A4F7556}") = "Engine.ECS", "Engine.ECS\Engine.ECS.csproj", "{6A757E22-9DFE-4725-AD9B-8AA7D30EEE93}"
EndProject
Project("{9A19103F-16F7-4668-BE54-9A1E7A4F7556}") = "Engine.Events", "Engine.Events\Engine.Events.csproj", "{0E575357-A8DC-4870-BF6D-3DD5016EF9F4}"
EndProject
Project("{9A19103F-16F7-4668-BE54-9A1E7A4F7556}") = "Engine.Renderer.GL", "Engine.Renderer.GL\Engine.Renderer.GL.csproj", "{8B2004CC-4D83-4A63-9DB9-2AA1BBD3BC9C}"
EndProject
Project("{9A19103F-16F7-4668-BE54-9A1E7A4F7556}") = "Engine.Utils", "Engine.Utils\Engine.Utils.csproj", "{EBD21A19-EA7E-4C01-A06B-8F0820EE8D2B}"
EndProject
Project("{9A19103F-16F7-4668-BE54-9A1E7A4F7556}") = "Ulaid", "Ulaid\Ulaid.csproj", "{D7BFF0A5-BEC2-4140-9611-36E2E53AE538}"
EndProject
Project("{9A19103F-16F7-4668-BE54-9A1E7A4F7556}") = "Ulaid.Scripts", "..\Content\Scripts\Ulaid.Scripts.csproj", "{D3C03BCA-3B69-48AA-A626-44C926C90F55}"
EndProject
Project("{FAE04EC0-301F-11D3-BF4B-00C04F79EFBC}") = "Engine.Gui", "Engine.ImGui\Engine.Gui.csproj", "{6A3810E9-33C7-4236-B2D5-46C7EBCFF346}"
EndProject
Global
	GlobalSection(SolutionConfigurationPlatforms) = preSolution
		Debug|Any CPU = Debug|Any CPU
		Debug|x64 = Debug|x64
		Debug|x86 = Debug|x86
		Release|Any CPU = Release|Any CPU
		Release|x64 = Release|x64
		Release|x86 = Release|x86
	EndGlobalSection
	GlobalSection(ProjectConfigurationPlatforms) = postSolution
		{F8F75D86-567B-4C1C-BA2E-0EA7C94ACC34}.Debug|Any CPU.ActiveCfg = Debug|Any CPU
		{F8F75D86-567B-4C1C-BA2E-0EA7C94ACC34}.Debug|Any CPU.Build.0 = Debug|Any CPU
		{F8F75D86-567B-4C1C-BA2E-0EA7C94ACC34}.Debug|x64.ActiveCfg = Debug|Any CPU
		{F8F75D86-567B-4C1C-BA2E-0EA7C94ACC34}.Debug|x64.Build.0 = Debug|Any CPU
		{F8F75D86-567B-4C1C-BA2E-0EA7C94ACC34}.Debug|x86.ActiveCfg = Debug|x86
		{F8F75D86-567B-4C1C-BA2E-0EA7C94ACC34}.Debug|x86.Build.0 = Debug|x86
		{F8F75D86-567B-4C1C-BA2E-0EA7C94ACC34}.Release|Any CPU.ActiveCfg = Release|Any CPU
		{F8F75D86-567B-4C1C-BA2E-0EA7C94ACC34}.Release|Any CPU.Build.0 = Release|Any CPU
		{F8F75D86-567B-4C1C-BA2E-0EA7C94ACC34}.Release|x64.ActiveCfg = Release|Any CPU
		{F8F75D86-567B-4C1C-BA2E-0EA7C94ACC34}.Release|x64.Build.0 = Release|Any CPU
		{F8F75D86-567B-4C1C-BA2E-0EA7C94ACC34}.Release|x86.ActiveCfg = Release|x86
		{F8F75D86-567B-4C1C-BA2E-0EA7C94ACC34}.Release|x86.Build.0 = Release|x86
		{6A757E22-9DFE-4725-AD9B-8AA7D30EEE93}.Debug|Any CPU.ActiveCfg = Debug|Any CPU
		{6A757E22-9DFE-4725-AD9B-8AA7D30EEE93}.Debug|Any CPU.Build.0 = Debug|Any CPU
		{6A757E22-9DFE-4725-AD9B-8AA7D30EEE93}.Debug|x64.ActiveCfg = Debug|Any CPU
		{6A757E22-9DFE-4725-AD9B-8AA7D30EEE93}.Debug|x64.Build.0 = Debug|Any CPU
		{6A757E22-9DFE-4725-AD9B-8AA7D30EEE93}.Debug|x86.ActiveCfg = Debug|x86
		{6A757E22-9DFE-4725-AD9B-8AA7D30EEE93}.Debug|x86.Build.0 = Debug|x86
		{6A757E22-9DFE-4725-AD9B-8AA7D30EEE93}.Release|Any CPU.ActiveCfg = Release|Any CPU
		{6A757E22-9DFE-4725-AD9B-8AA7D30EEE93}.Release|Any CPU.Build.0 = Release|Any CPU
		{6A757E22-9DFE-4725-AD9B-8AA7D30EEE93}.Release|x64.ActiveCfg = Release|Any CPU
		{6A757E22-9DFE-4725-AD9B-8AA7D30EEE93}.Release|x64.Build.0 = Release|Any CPU
		{6A757E22-9DFE-4725-AD9B-8AA7D30EEE93}.Release|x86.ActiveCfg = Release|x86
		{6A757E22-9DFE-4725-AD9B-8AA7D30EEE93}.Release|x86.Build.0 = Release|x86
		{0E575357-A8DC-4870-BF6D-3DD5016EF9F4}.Debug|Any CPU.ActiveCfg = Debug|Any CPU
		{0E575357-A8DC-4870-BF6D-3DD5016EF9F4}.Debug|Any CPU.Build.0 = Debug|Any CPU
		{0E575357-A8DC-4870-BF6D-3DD5016EF9F4}.Debug|x64.ActiveCfg = Debug|Any CPU
		{0E575357-A8DC-4870-BF6D-3DD5016EF9F4}.Debug|x64.Build.0 = Debug|Any CPU
		{0E575357-A8DC-4870-BF6D-3DD5016EF9F4}.Debug|x86.ActiveCfg = Debug|x86
		{0E575357-A8DC-4870-BF6D-3DD5016EF9F4}.Debug|x86.Build.0 = Debug|x86
		{0E575357-A8DC-4870-BF6D-3DD5016EF9F4}.Release|Any CPU.ActiveCfg = Release|Any CPU
		{0E575357-A8DC-4870-BF6D-3DD5016EF9F4}.Release|Any CPU.Build.0 = Release|Any CPU
		{0E575357-A8DC-4870-BF6D-3DD5016EF9F4}.Release|x64.ActiveCfg = Release|Any CPU
		{0E575357-A8DC-4870-BF6D-3DD5016EF9F4}.Release|x64.Build.0 = Release|Any CPU
		{0E575357-A8DC-4870-BF6D-3DD5016EF9F4}.Release|x86.ActiveCfg = Release|x86
		{0E575357-A8DC-4870-BF6D-3DD5016EF9F4}.Release|x86.Build.0 = Release|x86
		{8B2004CC-4D83-4A63-9DB9-2AA1BBD3BC9C}.Debug|Any CPU.ActiveCfg = Debug|Any CPU
		{8B2004CC-4D83-4A63-9DB9-2AA1BBD3BC9C}.Debug|Any CPU.Build.0 = Debug|Any CPU
		{8B2004CC-4D83-4A63-9DB9-2AA1BBD3BC9C}.Debug|x64.ActiveCfg = Debug|Any CPU
		{8B2004CC-4D83-4A63-9DB9-2AA1BBD3BC9C}.Debug|x64.Build.0 = Debug|Any CPU
		{8B2004CC-4D83-4A63-9DB9-2AA1BBD3BC9C}.Debug|x86.ActiveCfg = Debug|x86
		{8B2004CC-4D83-4A63-9DB9-2AA1BBD3BC9C}.Debug|x86.Build.0 = Debug|x86
		{8B2004CC-4D83-4A63-9DB9-2AA1BBD3BC9C}.Release|Any CPU.ActiveCfg = Release|Any CPU
		{8B2004CC-4D83-4A63-9DB9-2AA1BBD3BC9C}.Release|Any CPU.Build.0 = Release|Any CPU
		{8B2004CC-4D83-4A63-9DB9-2AA1BBD3BC9C}.Release|x64.ActiveCfg = Release|Any CPU
		{8B2004CC-4D83-4A63-9DB9-2AA1BBD3BC9C}.Release|x64.Build.0 = Release|Any CPU
		{8B2004CC-4D83-4A63-9DB9-2AA1BBD3BC9C}.Release|x86.ActiveCfg = Release|x86
		{8B2004CC-4D83-4A63-9DB9-2AA1BBD3BC9C}.Release|x86.Build.0 = Release|x86
		{EBD21A19-EA7E-4C01-A06B-8F0820EE8D2B}.Debug|Any CPU.ActiveCfg = Debug|Any CPU
		{EBD21A19-EA7E-4C01-A06B-8F0820EE8D2B}.Debug|Any CPU.Build.0 = Debug|Any CPU
		{EBD21A19-EA7E-4C01-A06B-8F0820EE8D2B}.Debug|x64.ActiveCfg = Debug|Any CPU
		{EBD21A19-EA7E-4C01-A06B-8F0820EE8D2B}.Debug|x64.Build.0 = Debug|Any CPU
		{EBD21A19-EA7E-4C01-A06B-8F0820EE8D2B}.Debug|x86.ActiveCfg = Debug|x86
		{EBD21A19-EA7E-4C01-A06B-8F0820EE8D2B}.Debug|x86.Build.0 = Debug|x86
		{EBD21A19-EA7E-4C01-A06B-8F0820EE8D2B}.Release|Any CPU.ActiveCfg = Release|Any CPU
		{EBD21A19-EA7E-4C01-A06B-8F0820EE8D2B}.Release|Any CPU.Build.0 = Release|Any CPU
		{EBD21A19-EA7E-4C01-A06B-8F0820EE8D2B}.Release|x64.ActiveCfg = Release|Any CPU
		{EBD21A19-EA7E-4C01-A06B-8F0820EE8D2B}.Release|x64.Build.0 = Release|Any CPU
		{EBD21A19-EA7E-4C01-A06B-8F0820EE8D2B}.Release|x86.ActiveCfg = Release|x86
		{EBD21A19-EA7E-4C01-A06B-8F0820EE8D2B}.Release|x86.Build.0 = Release|x86
		{D7BFF0A5-BEC2-4140-9611-36E2E53AE538}.Debug|Any CPU.ActiveCfg = Debug|Any CPU
		{D7BFF0A5-BEC2-4140-9611-36E2E53AE538}.Debug|Any CPU.Build.0 = Debug|Any CPU
		{D7BFF0A5-BEC2-4140-9611-36E2E53AE538}.Debug|x64.ActiveCfg = Debug|Any CPU
		{D7BFF0A5-BEC2-4140-9611-36E2E53AE538}.Debug|x64.Build.0 = Debug|Any CPU
		{D7BFF0A5-BEC2-4140-9611-36E2E53AE538}.Debug|x86.ActiveCfg = Debug|x86
		{D7BFF0A5-BEC2-4140-9611-36E2E53AE538}.Debug|x86.Build.0 = Debug|x86
		{D7BFF0A5-BEC2-4140-9611-36E2E53AE538}.Release|Any CPU.ActiveCfg = Release|Any CPU
		{D7BFF0A5-BEC2-4140-9611-36E2E53AE538}.Release|Any CPU.Build.0 = Release|Any CPU
		{D7BFF0A5-BEC2-4140-9611-36E2E53AE538}.Release|x64.ActiveCfg = Release|Any CPU
		{D7BFF0A5-BEC2-4140-9611-36E2E53AE538}.Release|x64.Build.0 = Release|Any CPU
		{D7BFF0A5-BEC2-4140-9611-36E2E53AE538}.Release|x86.ActiveCfg = Release|x86
		{D7BFF0A5-BEC2-4140-9611-36E2E53AE538}.Release|x86.Build.0 = Release|x86
		{D3C03BCA-3B69-48AA-A626-44C926C90F55}.Debug|Any CPU.ActiveCfg = Debug|Any CPU
		{D3C03BCA-3B69-48AA-A626-44C926C90F55}.Debug|Any CPU.Build.0 = Debug|Any CPU
		{D3C03BCA-3B69-48AA-A626-44C926C90F55}.Debug|x64.ActiveCfg = Debug|x64
		{D3C03BCA-3B69-48AA-A626-44C926C90F55}.Debug|x64.Build.0 = Debug|x64
		{D3C03BCA-3B69-48AA-A626-44C926C90F55}.Debug|x86.ActiveCfg = Debug|x86
		{D3C03BCA-3B69-48AA-A626-44C926C90F55}.Debug|x86.Build.0 = Debug|x86
		{D3C03BCA-3B69-48AA-A626-44C926C90F55}.Release|Any CPU.ActiveCfg = Release|Any CPU
		{D3C03BCA-3B69-48AA-A626-44C926C90F55}.Release|Any CPU.Build.0 = Release|Any CPU
		{D3C03BCA-3B69-48AA-A626-44C926C90F55}.Release|x64.ActiveCfg = Release|x64
		{D3C03BCA-3B69-48AA-A626-44C926C90F55}.Release|x64.Build.0 = Release|x64
		{D3C03BCA-3B69-48AA-A626-44C926C90F55}.Release|x86.ActiveCfg = Release|x86
		{D3C03BCA-3B69-48AA-A626-44C926C90F55}.Release|x86.Build.0 = Release|x86
		{6A3810E9-33C7-4236-B2D5-46C7EBCFF346}.Debug|Any CPU.ActiveCfg = Debug|Any CPU
		{6A3810E9-33C7-4236-B2D5-46C7EBCFF346}.Debug|Any CPU.Build.0 = Debug|Any CPU
		{6A3810E9-33C7-4236-B2D5-46C7EBCFF346}.Debug|x64.ActiveCfg = Debug|Any CPU
		{6A3810E9-33C7-4236-B2D5-46C7EBCFF346}.Debug|x64.Build.0 = Debug|Any CPU
		{6A3810E9-33C7-4236-B2D5-46C7EBCFF346}.Debug|x86.ActiveCfg = Debug|Any CPU
		{6A3810E9-33C7-4236-B2D5-46C7EBCFF346}.Debug|x86.Build.0 = Debug|Any CPU
		{6A3810E9-33C7-4236-B2D5-46C7EBCFF346}.Release|Any CPU.ActiveCfg = Release|Any CPU
		{6A3810E9-33C7-4236-B2D5-46C7EBCFF346}.Release|Any CPU.Build.0 = Release|Any CPU
		{6A3810E9-33C7-4236-B2D5-46C7EBCFF346}.Release|x64.ActiveCfg = Release|Any CPU
		{6A3810E9-33C7-4236-B2D5-46C7EBCFF346}.Release|x64.Build.0 = Release|Any CPU
		{6A3810E9-33C7-4236-B2D5-46C7EBCFF346}.Release|x86.ActiveCfg = Release|Any CPU
		{6A3810E9-33C7-4236-B2D5-46C7EBCFF346}.Release|x86.Build.0 = Release|Any CPU
	EndGlobalSection
	GlobalSection(SolutionProperties) = preSolution
		HideSolutionNode = FALSE
	EndGlobalSection
	GlobalSection(NestedProjects) = preSolution
		{F8F75D86-567B-4C1C-BA2E-0EA7C94ACC34} = {22706AA2-FC20-46A2-A815-DFB033A41904}
		{6A757E22-9DFE-4725-AD9B-8AA7D30EEE93} = {22706AA2-FC20-46A2-A815-DFB033A41904}
		{0E575357-A8DC-4870-BF6D-3DD5016EF9F4} = {22706AA2-FC20-46A2-A815-DFB033A41904}
		{8B2004CC-4D83-4A63-9DB9-2AA1BBD3BC9C} = {22706AA2-FC20-46A2-A815-DFB033A41904}
		{EBD21A19-EA7E-4C01-A06B-8F0820EE8D2B} = {22706AA2-FC20-46A2-A815-DFB033A41904}
		{D7BFF0A5-BEC2-4140-9611-36E2E53AE538} = {F69B6183-A7C5-4355-AEDC-2E68BCEBF607}
		{D3C03BCA-3B69-48AA-A626-44C926C90F55} = {F69B6183-A7C5-4355-AEDC-2E68BCEBF607}
		{6A3810E9-33C7-4236-B2D5-46C7EBCFF346} = {22706AA2-FC20-46A2-A815-DFB033A41904}
	EndGlobalSection
	GlobalSection(ExtensibilityGlobals) = postSolution
		SolutionGuid = {7A1302DF-7820-469A-9EB2-83CF7691A088}
	EndGlobalSection
EndGlobal
